
Microsoft Visual Studio Solution File, Format Version 12.00
# Visual Studio Version 17
VisualStudioVersion = 17.5.33516.290
MinimumVisualStudioVersion = 10.0.40219.1
Project("{FAE04EC0-301F-11D3-BF4B-00C04F79EFBC}") = "WelcomeMessage", "WelcomeMessage\WelcomeMessage.csproj", "{EB51D3E8-5F75-4817-8B17-D476EF23A309}"
EndProject
Global
	GlobalSection(SolutionConfigurationPlatforms) = preSolution
		Debug|Any CPU = Debug|Any CPU
		Release|Any CPU = Release|Any CPU
	EndGlobalSection
	GlobalSection(ProjectConfigurationPlatforms) = postSolution
		{EB51D3E8-5F75-4817-8B17-D476EF23A309}.Debug|Any CPU.ActiveCfg = Debug|Any CPU
		{EB51D3E8-5F75-4817-8B17-D476EF23A309}.Debug|Any CPU.Build.0 = Debug|Any CPU
		{EB51D3E8-5F75-4817-8B17-D476EF23A309}.Release|Any CPU.ActiveCfg = Release|Any CPU
		{EB51D3E8-5F75-4817-8B17-D476EF23A309}.Release|Any CPU.Build.0 = Release|Any CPU
	EndGlobalSection
	GlobalSection(SolutionProperties) = preSolution
		HideSolutionNode = FALSE
	EndGlobalSection
	GlobalSection(ExtensibilityGlobals) = postSolution
		SolutionGuid = {579000D5-B58B-426F-B495-F51D81F5F4F1}
	EndGlobalSection
EndGlobal
